<?xml version="1.0" encoding="utf-8"?>
<Project ToolsVersion="4.0" xmlns="http://schemas.microsoft.com/developer/msbuild/2003">
  <ItemGroup>
    <Filter Include="Source Files">
      <UniqueIdentifier>{4FC737F1-C7A5-4376-A066-2A32D752A2FF}</UniqueIdentifier>
      <Extensions>cpp;c;cc;cxx;c++;cppm;ixx;def;odl;idl;hpj;bat;asm;asmx</Extensions>
    </Filter>
    <Filter Include="Header Files">
      <UniqueIdentifier>{93995380-89BD-4b04-88EB-625FBE52EBFB}</UniqueIdentifier>
      <Extensions>h;hh;hpp;hxx;h++;hm;inl;inc;ipp;xsd</Extensions>
    </Filter>
    <Filter Include="Header Files\UE">
      <UniqueIdentifier>{d5a6d3c2-0e10-4a31-8473-d3b435188106}</UniqueIdentifier>
    </Filter>
    <Filter Include="Header Files\Net">
      <UniqueIdentifier>{16fd5277-c6cc-4e2e-8ffe-3dbe30ee5f67}</UniqueIdentifier>
    </Filter>
    <Filter Include="Header Files\Gameplay">
      <UniqueIdentifier>{6f098cf9-096e-4af3-918b-1cf6b8992238}</UniqueIdentifier>
    </Filter>
    <Filter Include="Vendor">
      <UniqueIdentifier>{22422ef1-32f2-4b9e-a1b7-f1d3064e1349}</UniqueIdentifier>
    </Filter>
    <Filter Include="Vendor\ImGUI">
      <UniqueIdentifier>{f7bb66c3-c92f-485f-b853-ff35c1ca77fb}</UniqueIdentifier>
    </Filter>
    <Filter Include="Header Files\Other">
      <UniqueIdentifier>{4d642d8c-0240-4ee6-948c-9333811baadd}</UniqueIdentifier>
    </Filter>
  </ItemGroup>
  <ItemGroup>
    <ClCompile Include="dllmain.cpp">
      <Filter>Source Files</Filter>
    </ClCompile>
    <ClCompile Include="..\vendor\ImGui\imgui.cpp">
      <Filter>Vendor\ImGUI</Filter>
    </ClCompile>
    <ClCompile Include="..\vendor\Kiero\kiero.cpp">
      <Filter>Vendor</Filter>
    </ClCompile>
    <ClCompile Include="..\vendor\ImGui\imgui_draw.cpp">
      <Filter>Vendor\ImGUI</Filter>
    </ClCompile>
    <ClCompile Include="..\vendor\imgui\imgui_stdlib.cpp">
      <Filter>Vendor\ImGUI</Filter>
    </ClCompile>
    <ClCompile Include="..\vendor\imgui\imgui_tables.cpp">
      <Filter>Vendor\ImGUI</Filter>
    </ClCompile>
    <ClCompile Include="..\vendor\imgui\imgui_widgets.cpp">
      <Filter>Vendor\ImGUI</Filter>
    </ClCompile>
    <ClCompile Include="..\vendor\imgui\imgui_impl_win32.cpp">
      <Filter>Vendor\ImGUI</Filter>
    </ClCompile>
    <ClCompile Include="..\vendor\imgui\imgui_impl_dx9.cpp">
      <Filter>Vendor\ImGUI</Filter>
    </ClCompile>
  </ItemGroup>
  <ItemGroup>
    <ClInclude Include="UE\other.h">
      <Filter>Header Files\UE</Filter>
    </ClInclude>
    <ClInclude Include="hooks.h">
      <Filter>Header Files</Filter>
    </ClInclude>
    <ClInclude Include="Net\server.h">
      <Filter>Header Files\Net</Filter>
    </ClInclude>
    <ClInclude Include="Gameplay\helper.h">
      <Filter>Header Files\Gameplay</Filter>
    </ClInclude>
    <ClInclude Include="patterns.h">
      <Filter>Header Files</Filter>
    </ClInclude>
    <ClInclude Include="Gameplay\abilities.h">
      <Filter>Header Files\Gameplay</Filter>
    </ClInclude>
    <ClInclude Include="Gameplay\inventory.h">
      <Filter>Header Files\Gameplay</Filter>
    </ClInclude>
    <ClInclude Include="Gameplay\events.h">
      <Filter>Header Files\Gameplay</Filter>
    </ClInclude>
    <ClInclude Include="Gameplay\build.h">
      <Filter>Header Files\Gameplay</Filter>
    </ClInclude>
    <ClInclude Include="Gameplay\loot.h">
      <Filter>Header Files\Gameplay</Filter>
    </ClInclude>
    <ClInclude Include="UE\structs.h">
      <Filter>Header Files\UE</Filter>
    </ClInclude>
    <ClInclude Include="discord.h">
      <Filter>Header Files\Other</Filter>
    </ClInclude>
    <ClInclude Include="Gameplay\player.h">
      <Filter>Header Files\Gameplay</Filter>
    </ClInclude>
    <ClInclude Include="Gameplay\harvesting.h">
      <Filter>Header Files\Gameplay</Filter>
    </ClInclude>
    <ClInclude Include="Net\replication.h">
      <Filter>Header Files\Net</Filter>
    </ClInclude>
    <ClInclude Include="anticheat.h">
      <Filter>Header Files\Other</Filter>
    </ClInclude>
    <ClInclude Include="fontawesome.h">
      <Filter>Vendor\ImGUI</Filter>
    </ClInclude>
    <ClInclude Include="gui.h">
      <Filter>Header Files</Filter>
    </ClInclude>
    <ClInclude Include="finder.h">
      <Filter>Header Files</Filter>
    </ClInclude>
    <ClInclude Include="UE\DataTables.h">
      <Filter>Header Files\Gameplay</Filter>
    </ClInclude>
    <ClInclude Include="AI.h">
      <Filter>Header Files\Gameplay</Filter>
    </ClInclude>
    <ClInclude Include="Net\nethooks.h">
      <Filter>Header Files\Net</Filter>
    </ClInclude>
    <ClInclude Include="team.h">
      <Filter>Header Files\Gameplay</Filter>
    </ClInclude>
    <ClInclude Include="Net\funcs.h">
      <Filter>Header Files\Gameplay</Filter>
    </ClInclude>
    <ClInclude Include="pch.h">
      <Filter>Header Files</Filter>
    </ClInclude>
    <ClInclude Include="Gameplay\zone.h">
      <Filter>Header Files\Gameplay</Filter>
    </ClInclude>
    <ClInclude Include="Gameplay\carmine.h">
      <Filter>Header Files\Gameplay</Filter>
    </ClInclude>
  </ItemGroup>
</Project>